
Microsoft Visual Studio Solution File, Format Version 12.00
# Visual Studio Version 17
VisualStudioVersion = 17.4.33213.308
MinimumVisualStudioVersion = 10.0.40219.1
Project("{9A19103F-16F7-4668-BE54-9A1E7A4F7556}") = "ProEventos.API", "ProEventos.API\ProEventos.API.csproj", "{264A3C6F-9824-488A-947B-C2121FD280E0}"
EndProject
Project("{2150E333-8FDC-42A3-9474-1A3956D46DE8}") = "Back", "Back", "{EDFBB352-DED3-4445-A21D-428619CE39D4}"
EndProject
Project("{2150E333-8FDC-42A3-9474-1A3956D46DE8}") = "Front", "Front", "{2BBF053D-310F-4167-90E7-B0A33AD02AF3}"
EndProject
Global
	GlobalSection(SolutionConfigurationPlatforms) = preSolution
		Debug|Any CPU = Debug|Any CPU
		Release|Any CPU = Release|Any CPU
	EndGlobalSection
	GlobalSection(ProjectConfigurationPlatforms) = postSolution
		{264A3C6F-9824-488A-947B-C2121FD280E0}.Debug|Any CPU.ActiveCfg = Debug|Any CPU
		{264A3C6F-9824-488A-947B-C2121FD280E0}.Debug|Any CPU.Build.0 = Debug|Any CPU
		{264A3C6F-9824-488A-947B-C2121FD280E0}.Release|Any CPU.ActiveCfg = Release|Any CPU
		{264A3C6F-9824-488A-947B-C2121FD280E0}.Release|Any CPU.Build.0 = Release|Any CPU
	EndGlobalSection
	GlobalSection(SolutionProperties) = preSolution
		HideSolutionNode = FALSE
	EndGlobalSection
	GlobalSection(NestedProjects) = preSolution
		{264A3C6F-9824-488A-947B-C2121FD280E0} = {EDFBB352-DED3-4445-A21D-428619CE39D4}
	EndGlobalSection
	GlobalSection(ExtensibilityGlobals) = postSolution
		SolutionGuid = {A9E24C5A-DCF7-475E-A1C3-C46F6DF5E86D}
	EndGlobalSection
EndGlobal
